
Microsoft Visual Studio Solution File, Format Version 12.00
# Visual Studio Version 16
VisualStudioVersion = 16.0.30114.105
MinimumVisualStudioVersion = 10.0.40219.1
Project("{8BC9CEB8-8B4A-11D0-8D11-00A0C91BC942}") = "HiraethEngine3", "HiraethEngine3\HiraethEngine3.vcxproj", "{8EBD9A84-B98A-46A1-9C75-702758F0172F}"
	ProjectSection(ProjectDependencies) = postProject
		{643FA315-9169-43FA-8362-A4D6F9EED1DD} = {643FA315-9169-43FA-8362-A4D6F9EED1DD}
	EndProjectSection
EndProject
Project("{8BC9CEB8-8B4A-11D0-8D11-00A0C91BC942}") = "HiraethNetwork", "HiraethNetwork\HiraethNetwork.vcxproj", "{643FA315-9169-43FA-8362-A4D6F9EED1DD}"
EndProject
Project("{8BC9CEB8-8B4A-11D0-8D11-00A0C91BC942}") = "HiraethEditor", "HiraethEditor\HiraethEditor.vcxproj", "{866A5FD8-EFC4-431D-B2A5-6B09FF4E12F4}"
	ProjectSection(ProjectDependencies) = postProject
		{8EBD9A84-B98A-46A1-9C75-702758F0172F} = {8EBD9A84-B98A-46A1-9C75-702758F0172F}
	EndProjectSection
EndProject
Project("{8BC9CEB8-8B4A-11D0-8D11-00A0C91BC942}") = "Minecraft", "Minecraft\Minecraft.vcxproj", "{FD0E2B40-92CD-4195-90AA-39CA70D0A963}"
	ProjectSection(ProjectDependencies) = postProject
		{643FA315-9169-43FA-8362-A4D6F9EED1DD} = {643FA315-9169-43FA-8362-A4D6F9EED1DD}
		{8EBD9A84-B98A-46A1-9C75-702758F0172F} = {8EBD9A84-B98A-46A1-9C75-702758F0172F}
	EndProjectSection
EndProject
Global
	GlobalSection(SolutionConfigurationPlatforms) = preSolution
		Debug|x64 = Debug|x64
		Debug|x86 = Debug|x86
		DebugEngine|x64 = DebugEngine|x64
		DebugEngine|x86 = DebugEngine|x86
		Release|x64 = Release|x64
		Release|x86 = Release|x86
	EndGlobalSection
	GlobalSection(ProjectConfigurationPlatforms) = postSolution
		{8EBD9A84-B98A-46A1-9C75-702758F0172F}.Debug|x64.ActiveCfg = Debug|x64
		{8EBD9A84-B98A-46A1-9C75-702758F0172F}.Debug|x64.Build.0 = Debug|x64
		{8EBD9A84-B98A-46A1-9C75-702758F0172F}.Debug|x86.ActiveCfg = Debug|Win32
		{8EBD9A84-B98A-46A1-9C75-702758F0172F}.Debug|x86.Build.0 = Debug|Win32
		{8EBD9A84-B98A-46A1-9C75-702758F0172F}.DebugEngine|x64.ActiveCfg = DebugEngine|x64
		{8EBD9A84-B98A-46A1-9C75-702758F0172F}.DebugEngine|x64.Build.0 = DebugEngine|x64
		{8EBD9A84-B98A-46A1-9C75-702758F0172F}.DebugEngine|x86.ActiveCfg = DebugEngine|Win32
		{8EBD9A84-B98A-46A1-9C75-702758F0172F}.DebugEngine|x86.Build.0 = DebugEngine|Win32
		{8EBD9A84-B98A-46A1-9C75-702758F0172F}.Release|x64.ActiveCfg = Release|x64
		{8EBD9A84-B98A-46A1-9C75-702758F0172F}.Release|x64.Build.0 = Release|x64
		{8EBD9A84-B98A-46A1-9C75-702758F0172F}.Release|x86.ActiveCfg = Release|Win32
		{8EBD9A84-B98A-46A1-9C75-702758F0172F}.Release|x86.Build.0 = Release|Win32
		{643FA315-9169-43FA-8362-A4D6F9EED1DD}.Debug|x64.ActiveCfg = Debug|x64
		{643FA315-9169-43FA-8362-A4D6F9EED1DD}.Debug|x64.Build.0 = Debug|x64
		{643FA315-9169-43FA-8362-A4D6F9EED1DD}.Debug|x86.ActiveCfg = Debug|Win32
		{643FA315-9169-43FA-8362-A4D6F9EED1DD}.Debug|x86.Build.0 = Debug|Win32
		{643FA315-9169-43FA-8362-A4D6F9EED1DD}.DebugEngine|x64.ActiveCfg = DebugEngine|x64
		{643FA315-9169-43FA-8362-A4D6F9EED1DD}.DebugEngine|x64.Build.0 = DebugEngine|x64
		{643FA315-9169-43FA-8362-A4D6F9EED1DD}.DebugEngine|x86.ActiveCfg = DebugEngine|Win32
		{643FA315-9169-43FA-8362-A4D6F9EED1DD}.DebugEngine|x86.Build.0 = DebugEngine|Win32
		{643FA315-9169-43FA-8362-A4D6F9EED1DD}.Release|x64.ActiveCfg = Release|x64
		{643FA315-9169-43FA-8362-A4D6F9EED1DD}.Release|x64.Build.0 = Release|x64
		{643FA315-9169-43FA-8362-A4D6F9EED1DD}.Release|x86.ActiveCfg = Release|Win32
		{643FA315-9169-43FA-8362-A4D6F9EED1DD}.Release|x86.Build.0 = Release|Win32
		{866A5FD8-EFC4-431D-B2A5-6B09FF4E12F4}.Debug|x64.ActiveCfg = Debug|x64
		{866A5FD8-EFC4-431D-B2A5-6B09FF4E12F4}.Debug|x64.Build.0 = Debug|x64
		{866A5FD8-EFC4-431D-B2A5-6B09FF4E12F4}.Debug|x86.ActiveCfg = Debug|Win32
		{866A5FD8-EFC4-431D-B2A5-6B09FF4E12F4}.Debug|x86.Build.0 = Debug|Win32
		{866A5FD8-EFC4-431D-B2A5-6B09FF4E12F4}.DebugEngine|x64.ActiveCfg = DebugEngine|x64
		{866A5FD8-EFC4-431D-B2A5-6B09FF4E12F4}.DebugEngine|x86.ActiveCfg = DebugEngine|Win32
		{866A5FD8-EFC4-431D-B2A5-6B09FF4E12F4}.DebugEngine|x86.Build.0 = DebugEngine|Win32
		{866A5FD8-EFC4-431D-B2A5-6B09FF4E12F4}.Release|x64.ActiveCfg = Release|x64
		{866A5FD8-EFC4-431D-B2A5-6B09FF4E12F4}.Release|x64.Build.0 = Release|x64
		{866A5FD8-EFC4-431D-B2A5-6B09FF4E12F4}.Release|x86.ActiveCfg = Release|Win32
		{866A5FD8-EFC4-431D-B2A5-6B09FF4E12F4}.Release|x86.Build.0 = Release|Win32
		{FD0E2B40-92CD-4195-90AA-39CA70D0A963}.Debug|x64.ActiveCfg = Debug|x64
		{FD0E2B40-92CD-4195-90AA-39CA70D0A963}.Debug|x64.Build.0 = Debug|x64
		{FD0E2B40-92CD-4195-90AA-39CA70D0A963}.Debug|x86.ActiveCfg = Debug|Win32
		{FD0E2B40-92CD-4195-90AA-39CA70D0A963}.Debug|x86.Build.0 = Debug|Win32
		{FD0E2B40-92CD-4195-90AA-39CA70D0A963}.DebugEngine|x64.ActiveCfg = Debug|x64
		{FD0E2B40-92CD-4195-90AA-39CA70D0A963}.DebugEngine|x64.Build.0 = Debug|x64
		{FD0E2B40-92CD-4195-90AA-39CA70D0A963}.DebugEngine|x86.ActiveCfg = Debug|Win32
		{FD0E2B40-92CD-4195-90AA-39CA70D0A963}.DebugEngine|x86.Build.0 = Debug|Win32
		{FD0E2B40-92CD-4195-90AA-39CA70D0A963}.Release|x64.ActiveCfg = Release|x64
		{FD0E2B40-92CD-4195-90AA-39CA70D0A963}.Release|x64.Build.0 = Release|x64
		{FD0E2B40-92CD-4195-90AA-39CA70D0A963}.Release|x86.ActiveCfg = Release|Win32
		{FD0E2B40-92CD-4195-90AA-39CA70D0A963}.Release|x86.Build.0 = Release|Win32
	EndGlobalSection
	GlobalSection(SolutionProperties) = preSolution
		HideSolutionNode = FALSE
	EndGlobalSection
	GlobalSection(ExtensibilityGlobals) = postSolution
		SolutionGuid = {63056C04-1CD3-4CC3-977C-267D68515005}
	EndGlobalSection
EndGlobal
